
Microsoft Visual Studio Solution File, Format Version 12.00
# Visual Studio Version 17
VisualStudioVersion = 17.3.32929.385
MinimumVisualStudioVersion = 10.0.40219.1
Project("{FAE04EC0-301F-11D3-BF4B-00C04F79EFBC}") = "MSAGL2", "MSAGL2\MSAGL2.csproj", "{7D9EF8F6-5A42-4D25-BDF2-CDF7C8ED9E87}"
EndProject
Global
	GlobalSection(SolutionConfigurationPlatforms) = preSolution
		Debug|Any CPU = Debug|Any CPU
		Release|Any CPU = Release|Any CPU
	EndGlobalSection
	GlobalSection(ProjectConfigurationPlatforms) = postSolution
		{7D9EF8F6-5A42-4D25-BDF2-CDF7C8ED9E87}.Debug|Any CPU.ActiveCfg = Debug|Any CPU
		{7D9EF8F6-5A42-4D25-BDF2-CDF7C8ED9E87}.Debug|Any CPU.Build.0 = Debug|Any CPU
		{7D9EF8F6-5A42-4D25-BDF2-CDF7C8ED9E87}.Release|Any CPU.ActiveCfg = Release|Any CPU
		{7D9EF8F6-5A42-4D25-BDF2-CDF7C8ED9E87}.Release|Any CPU.Build.0 = Release|Any CPU
	EndGlobalSection
	GlobalSection(SolutionProperties) = preSolution
		HideSolutionNode = FALSE
	EndGlobalSection
	GlobalSection(ExtensibilityGlobals) = postSolution
		SolutionGuid = {759890CE-09B9-4BEF-AE63-D947E0BAE656}
	EndGlobalSection
EndGlobal
